
Microsoft Visual Studio Solution File, Format Version 12.00
# Visual Studio Version 17
VisualStudioVersion = 17.8.34330.188
MinimumVisualStudioVersion = 10.0.40219.1
Project("{9A19103F-16F7-4668-BE54-9A1E7A4F7556}") = "PIT", "PIT\PIT.csproj", "{89ECE240-2A1D-4A25-875D-ECA0D3943638}"
EndProject
Global
	GlobalSection(SolutionConfigurationPlatforms) = preSolution
		Debug|Any CPU = Debug|Any CPU
		Release|Any CPU = Release|Any CPU
	EndGlobalSection
	GlobalSection(ProjectConfigurationPlatforms) = postSolution
		{89ECE240-2A1D-4A25-875D-ECA0D3943638}.Debug|Any CPU.ActiveCfg = Debug|Any CPU
		{89ECE240-2A1D-4A25-875D-ECA0D3943638}.Debug|Any CPU.Build.0 = Debug|Any CPU
		{89ECE240-2A1D-4A25-875D-ECA0D3943638}.Release|Any CPU.ActiveCfg = Release|Any CPU
		{89ECE240-2A1D-4A25-875D-ECA0D3943638}.Release|Any CPU.Build.0 = Release|Any CPU
	EndGlobalSection
	GlobalSection(SolutionProperties) = preSolution
		HideSolutionNode = FALSE
	EndGlobalSection
	GlobalSection(ExtensibilityGlobals) = postSolution
		SolutionGuid = {F971F2E7-95CF-4C3D-93E5-D4F1F025B03B}
	EndGlobalSection
EndGlobal
